
Microsoft Visual Studio Solution File, Format Version 12.00
# Visual Studio Version 17
VisualStudioVersion = 17.3.32922.545
MinimumVisualStudioVersion = 10.0.40219.1
Project("{9A19103F-16F7-4668-BE54-9A1E7A4F7556}") = "TMLeague", "src\TMLeague.csproj", "{BD5FAFD2-98FC-4C22-AADC-6A918C708415}"
EndProject
Global
	GlobalSection(SolutionConfigurationPlatforms) = preSolution
		Debug|Any CPU = Debug|Any CPU
		Release|Any CPU = Release|Any CPU
	EndGlobalSection
	GlobalSection(ProjectConfigurationPlatforms) = postSolution
		{BD5FAFD2-98FC-4C22-AADC-6A918C708415}.Debug|Any CPU.ActiveCfg = Debug|Any CPU
		{BD5FAFD2-98FC-4C22-AADC-6A918C708415}.Debug|Any CPU.Build.0 = Debug|Any CPU
		{BD5FAFD2-98FC-4C22-AADC-6A918C708415}.Release|Any CPU.ActiveCfg = Release|Any CPU
		{BD5FAFD2-98FC-4C22-AADC-6A918C708415}.Release|Any CPU.Build.0 = Release|Any CPU
	EndGlobalSection
	GlobalSection(SolutionProperties) = preSolution
		HideSolutionNode = FALSE
	EndGlobalSection
	GlobalSection(ExtensibilityGlobals) = postSolution
		SolutionGuid = {20E684B9-1B99-491A-B599-303E69D68F4E}
	EndGlobalSection
EndGlobal
