
Microsoft Visual Studio Solution File, Format Version 12.00
# Visual Studio Version 17
VisualStudioVersion = 17.3.32922.545
MinimumVisualStudioVersion = 10.0.40219.1
Project("{9A19103F-16F7-4668-BE54-9A1E7A4F7556}") = "TMLeague", "src\TMLeague\TMLeague.csproj", "{BD5FAFD2-98FC-4C22-AADC-6A918C708415}"
EndProject
Project("{9A19103F-16F7-4668-BE54-9A1E7A4F7556}") = "TMGameImporter", "src\TMGameImporter\TMGameImporter.csproj", "{EFC0E311-D1B5-407E-BACC-2D29984BF616}"
EndProject
Project("{9A19103F-16F7-4668-BE54-9A1E7A4F7556}") = "TMModels", "src\TMModels\TMModels.csproj", "{0200664C-64F1-4DA1-BBAE-486FFC97769D}"
EndProject
Project("{9A19103F-16F7-4668-BE54-9A1E7A4F7556}") = "TMInfrastructure", "src\TMInfrastructure\TMInfrastructure.csproj", "{E2B83FEC-0470-47EC-B464-83F2C16FFAF9}"
EndProject
Project("{9A19103F-16F7-4668-BE54-9A1E7A4F7556}") = "TMApplication", "src\TMApplication\TMApplication.csproj", "{94FBD847-57EF-4A63-9FF6-1FB53C142BCE}"
EndProject
Project("{2150E333-8FDC-42A3-9474-1A3956D46DE8}") = "libs", "libs", "{B8F9DD7A-9F24-4D6F-845E-44A12E6A498F}"
EndProject
Project("{2150E333-8FDC-42A3-9474-1A3956D46DE8}") = "tests", "tests", "{B8E51811-E2A3-459F-8DFA-D4879CC1CA3E}"
EndProject
Project("{9A19103F-16F7-4668-BE54-9A1E7A4F7556}") = "TMGameImporter.Tests", "tests\TMGameImporter.Tests\TMGameImporter.Tests.csproj", "{9074305C-92AD-4004-A40C-FFE136B21864}"
EndProject
Project("{9A19103F-16F7-4668-BE54-9A1E7A4F7556}") = "TMModels.Tests", "tests\TMModels.Tests\TMModels.Tests.csproj", "{0D868DC6-6A71-4AAB-96FA-045CB8AEC919}"
EndProject
Project("{9A19103F-16F7-4668-BE54-9A1E7A4F7556}") = "TMApplication.Tests", "tests\TMApplication.Tests\TMApplication.Tests.csproj", "{93810ADD-FE72-4694-95C3-472ABC4E7ACC}"
EndProject
Project("{9A19103F-16F7-4668-BE54-9A1E7A4F7556}") = "TMDraftsGenerator", "src\TMDraftsGenerator\TMDraftsGenerator.csproj", "{C18B890B-7FCD-4F06-B7CC-F8203FC6DD68}"
EndProject
Project("{9A19103F-16F7-4668-BE54-9A1E7A4F7556}") = "TMLeague.Tests", "tests\TMLeague.Tests\TMLeague.Tests.csproj", "{A1943125-B868-49EA-8FC0-88C9E93189A1}"
EndProject
Global
	GlobalSection(SolutionConfigurationPlatforms) = preSolution
		Debug|Any CPU = Debug|Any CPU
		Release|Any CPU = Release|Any CPU
	EndGlobalSection
	GlobalSection(ProjectConfigurationPlatforms) = postSolution
		{BD5FAFD2-98FC-4C22-AADC-6A918C708415}.Debug|Any CPU.ActiveCfg = Debug|Any CPU
		{BD5FAFD2-98FC-4C22-AADC-6A918C708415}.Debug|Any CPU.Build.0 = Debug|Any CPU
		{BD5FAFD2-98FC-4C22-AADC-6A918C708415}.Release|Any CPU.ActiveCfg = Release|Any CPU
		{BD5FAFD2-98FC-4C22-AADC-6A918C708415}.Release|Any CPU.Build.0 = Release|Any CPU
		{EFC0E311-D1B5-407E-BACC-2D29984BF616}.Debug|Any CPU.ActiveCfg = Debug|Any CPU
		{EFC0E311-D1B5-407E-BACC-2D29984BF616}.Debug|Any CPU.Build.0 = Debug|Any CPU
		{EFC0E311-D1B5-407E-BACC-2D29984BF616}.Release|Any CPU.ActiveCfg = Release|Any CPU
		{EFC0E311-D1B5-407E-BACC-2D29984BF616}.Release|Any CPU.Build.0 = Release|Any CPU
		{0200664C-64F1-4DA1-BBAE-486FFC97769D}.Debug|Any CPU.ActiveCfg = Debug|Any CPU
		{0200664C-64F1-4DA1-BBAE-486FFC97769D}.Debug|Any CPU.Build.0 = Debug|Any CPU
		{0200664C-64F1-4DA1-BBAE-486FFC97769D}.Release|Any CPU.ActiveCfg = Release|Any CPU
		{0200664C-64F1-4DA1-BBAE-486FFC97769D}.Release|Any CPU.Build.0 = Release|Any CPU
		{E2B83FEC-0470-47EC-B464-83F2C16FFAF9}.Debug|Any CPU.ActiveCfg = Debug|Any CPU
		{E2B83FEC-0470-47EC-B464-83F2C16FFAF9}.Debug|Any CPU.Build.0 = Debug|Any CPU
		{E2B83FEC-0470-47EC-B464-83F2C16FFAF9}.Release|Any CPU.ActiveCfg = Release|Any CPU
		{E2B83FEC-0470-47EC-B464-83F2C16FFAF9}.Release|Any CPU.Build.0 = Release|Any CPU
		{94FBD847-57EF-4A63-9FF6-1FB53C142BCE}.Debug|Any CPU.ActiveCfg = Debug|Any CPU
		{94FBD847-57EF-4A63-9FF6-1FB53C142BCE}.Debug|Any CPU.Build.0 = Debug|Any CPU
		{94FBD847-57EF-4A63-9FF6-1FB53C142BCE}.Release|Any CPU.ActiveCfg = Release|Any CPU
		{94FBD847-57EF-4A63-9FF6-1FB53C142BCE}.Release|Any CPU.Build.0 = Release|Any CPU
		{9074305C-92AD-4004-A40C-FFE136B21864}.Debug|Any CPU.ActiveCfg = Debug|Any CPU
		{9074305C-92AD-4004-A40C-FFE136B21864}.Debug|Any CPU.Build.0 = Debug|Any CPU
		{9074305C-92AD-4004-A40C-FFE136B21864}.Release|Any CPU.ActiveCfg = Release|Any CPU
		{9074305C-92AD-4004-A40C-FFE136B21864}.Release|Any CPU.Build.0 = Release|Any CPU
		{0D868DC6-6A71-4AAB-96FA-045CB8AEC919}.Debug|Any CPU.ActiveCfg = Debug|Any CPU
		{0D868DC6-6A71-4AAB-96FA-045CB8AEC919}.Debug|Any CPU.Build.0 = Debug|Any CPU
		{0D868DC6-6A71-4AAB-96FA-045CB8AEC919}.Release|Any CPU.ActiveCfg = Release|Any CPU
		{0D868DC6-6A71-4AAB-96FA-045CB8AEC919}.Release|Any CPU.Build.0 = Release|Any CPU
		{93810ADD-FE72-4694-95C3-472ABC4E7ACC}.Debug|Any CPU.ActiveCfg = Debug|Any CPU
		{93810ADD-FE72-4694-95C3-472ABC4E7ACC}.Debug|Any CPU.Build.0 = Debug|Any CPU
		{93810ADD-FE72-4694-95C3-472ABC4E7ACC}.Release|Any CPU.ActiveCfg = Release|Any CPU
		{93810ADD-FE72-4694-95C3-472ABC4E7ACC}.Release|Any CPU.Build.0 = Release|Any CPU
		{C18B890B-7FCD-4F06-B7CC-F8203FC6DD68}.Debug|Any CPU.ActiveCfg = Debug|Any CPU
		{C18B890B-7FCD-4F06-B7CC-F8203FC6DD68}.Debug|Any CPU.Build.0 = Debug|Any CPU
		{C18B890B-7FCD-4F06-B7CC-F8203FC6DD68}.Release|Any CPU.ActiveCfg = Release|Any CPU
		{C18B890B-7FCD-4F06-B7CC-F8203FC6DD68}.Release|Any CPU.Build.0 = Release|Any CPU
		{A1943125-B868-49EA-8FC0-88C9E93189A1}.Debug|Any CPU.ActiveCfg = Debug|Any CPU
		{A1943125-B868-49EA-8FC0-88C9E93189A1}.Debug|Any CPU.Build.0 = Debug|Any CPU
		{A1943125-B868-49EA-8FC0-88C9E93189A1}.Release|Any CPU.ActiveCfg = Release|Any CPU
		{A1943125-B868-49EA-8FC0-88C9E93189A1}.Release|Any CPU.Build.0 = Release|Any CPU
	EndGlobalSection
	GlobalSection(SolutionProperties) = preSolution
		HideSolutionNode = FALSE
	EndGlobalSection
	GlobalSection(NestedProjects) = preSolution
		{0200664C-64F1-4DA1-BBAE-486FFC97769D} = {B8F9DD7A-9F24-4D6F-845E-44A12E6A498F}
		{E2B83FEC-0470-47EC-B464-83F2C16FFAF9} = {B8F9DD7A-9F24-4D6F-845E-44A12E6A498F}
		{94FBD847-57EF-4A63-9FF6-1FB53C142BCE} = {B8F9DD7A-9F24-4D6F-845E-44A12E6A498F}
		{9074305C-92AD-4004-A40C-FFE136B21864} = {B8E51811-E2A3-459F-8DFA-D4879CC1CA3E}
		{0D868DC6-6A71-4AAB-96FA-045CB8AEC919} = {B8E51811-E2A3-459F-8DFA-D4879CC1CA3E}
		{93810ADD-FE72-4694-95C3-472ABC4E7ACC} = {B8E51811-E2A3-459F-8DFA-D4879CC1CA3E}
		{A1943125-B868-49EA-8FC0-88C9E93189A1} = {B8E51811-E2A3-459F-8DFA-D4879CC1CA3E}
	EndGlobalSection
	GlobalSection(ExtensibilityGlobals) = postSolution
		SolutionGuid = {20E684B9-1B99-491A-B599-303E69D68F4E}
	EndGlobalSection
EndGlobal
